
Microsoft Visual Studio Solution File, Format Version 12.00
# Visual Studio Version 17
VisualStudioVersion = 17.3.32901.215
MinimumVisualStudioVersion = 10.0.40219.1
Project("{FAE04EC0-301F-11D3-BF4B-00C04F79EFBC}") = "Functions 1.3", "Functions 1.3\Functions 1.3.csproj", "{CAC7DD5F-20E6-4103-8236-FFD5B4592624}"
EndProject
Global
	GlobalSection(SolutionConfigurationPlatforms) = preSolution
		Debug|Any CPU = Debug|Any CPU
		Release|Any CPU = Release|Any CPU
	EndGlobalSection
	GlobalSection(ProjectConfigurationPlatforms) = postSolution
		{CAC7DD5F-20E6-4103-8236-FFD5B4592624}.Debug|Any CPU.ActiveCfg = Debug|Any CPU
		{CAC7DD5F-20E6-4103-8236-FFD5B4592624}.Debug|Any CPU.Build.0 = Debug|Any CPU
		{CAC7DD5F-20E6-4103-8236-FFD5B4592624}.Release|Any CPU.ActiveCfg = Release|Any CPU
		{CAC7DD5F-20E6-4103-8236-FFD5B4592624}.Release|Any CPU.Build.0 = Release|Any CPU
	EndGlobalSection
	GlobalSection(SolutionProperties) = preSolution
		HideSolutionNode = FALSE
	EndGlobalSection
	GlobalSection(ExtensibilityGlobals) = postSolution
		SolutionGuid = {31167B13-62A0-49C9-A609-826E1B1FD257}
	EndGlobalSection
EndGlobal
